[[package]]
name = "arcaflow-plugin-sdk"
version = "0.9.0"
description = "Plugin SDK for the Arcaflow workflow engine"
category = "main"
optional = false
python-versions = ">=3.9"

[package.dependencies]
cbor2 = ">=2.4.3"
PyYAML = ">=5.4"
twisted = ">=22.4.0"

[[package]]
name = "attrs"
version = "22.1.0"
description = "Classes Without Boilerplate"
category = "main"
optional = false
python-versions = ">=3.5"

[package.extras]
dev = ["cloudpickle", "coverage[toml] (>=5.0.2)", "furo", "hypothesis", "mypy (>=0.900,!=0.940)", "pre-commit", "pympler", "pytest (>=4.3.0)", "pytest-mypy-plugins", "sphinx", "sphinx-notfound-page", "zope.interface"]
docs = ["furo", "sphinx", "sphinx-notfound-page", "zope.interface"]
tests = ["cloudpickle", "coverage[toml] (>=5.0.2)", "hypothesis", "mypy (>=0.900,!=0.940)", "pympler", "pytest (>=4.3.0)", "pytest-mypy-plugins", "zope.interface"]
tests-no-zope = ["cloudpickle", "coverage[toml] (>=5.0.2)", "hypothesis", "mypy (>=0.900,!=0.940)", "pympler", "pytest (>=4.3.0)", "pytest-mypy-plugins"]

[[package]]
name = "automat"
version = "20.2.0"
description = "Self-service finite-state machines for the programmer on the go."
category = "main"
optional = false
python-versions = "*"

[package.dependencies]
attrs = ">=19.2.0"
six = "*"

[package.extras]
visualize = ["Twisted (>=16.1.1)", "graphviz (>0.5.1)"]

[[package]]
name = "cachetools"
version = "5.2.0"
description = "Extensible memoizing collections and decorators"
category = "main"
optional = false
python-versions = "~=3.7"

[[package]]
name = "cbor2"
version = "5.4.3"
description = "CBOR (de)serializer with extensive tag support"
category = "main"
optional = false
python-versions = ">=3.7"

[package.extras]
doc = ["sphinx-autodoc-typehints (>=1.2.0)", "sphinx-rtd-theme"]
test = ["pytest", "pytest-cov"]

[[package]]
name = "certifi"
version = "2022.9.24"
description = "Python package for providing Mozilla's CA Bundle."
category = "main"
optional = false
python-versions = ">=3.6"

[[package]]
name = "charset-normalizer"
version = "2.1.1"
description = "The Real First Universal Charset Detector. Open, modern and actively maintained alternative to Chardet."
category = "main"
optional = false
python-versions = ">=3.6.0"

[package.extras]
unicode-backport = ["unicodedata2"]

[[package]]
name = "constantly"
version = "15.1.0"
description = "Symbolic constants in Python"
category = "main"
optional = false
python-versions = "*"

[[package]]
name = "google-auth"
version = "2.13.0"
description = "Google Authentication Library"
category = "main"
optional = false
python-versions = ">=2.7,!=3.0.*,!=3.1.*,!=3.2.*,!=3.3.*,!=3.4.*,!=3.5.*"

[package.dependencies]
cachetools = ">=2.0.0,<6.0"
pyasn1-modules = ">=0.2.1"
rsa = {version = ">=3.1.4,<5", markers = "python_version >= \"3.6\""}
six = ">=1.9.0"

[package.extras]
aiohttp = ["aiohttp (>=3.6.2,<4.0.0dev)", "requests (>=2.20.0,<3.0.0dev)"]
enterprise-cert = ["cryptography (==36.0.2)", "pyopenssl (==22.0.0)"]
pyopenssl = ["pyopenssl (>=20.0.0)"]
reauth = ["pyu2f (>=0.1.5)"]

[[package]]
name = "hyperlink"
version = "21.0.0"
description = "A featureful, immutable, and correct URL for Python."
category = "main"
optional = false
python-versions = ">=2.6, !=3.0.*, !=3.1.*, !=3.2.*, !=3.3.*"

[package.dependencies]
idna = ">=2.5"

[[package]]
name = "idna"
version = "3.4"
description = "Internationalized Domain Names in Applications (IDNA)"
category = "main"
optional = false
python-versions = ">=3.5"

[[package]]
name = "incremental"
version = "22.10.0"
description = "\"A small library that versions your Python projects.\""
category = "main"
optional = false
python-versions = "*"

[package.extras]
mypy = ["click (>=6.0)", "mypy (==0.812)", "twisted (>=16.4.0)"]
scripts = ["click (>=6.0)", "twisted (>=16.4.0)"]

[[package]]
name = "kubernetes"
version = "24.2.0"
description = "Kubernetes python client"
category = "main"
optional = false
python-versions = ">=3.6"

[package.dependencies]
certifi = ">=14.05.14"
google-auth = ">=1.0.1"
python-dateutil = ">=2.5.3"
pyyaml = ">=5.4.1"
requests = "*"
requests-oauthlib = "*"
setuptools = ">=21.0.0"
six = ">=1.9.0"
urllib3 = ">=1.24.2"
websocket-client = ">=0.32.0,<0.40.0 || >0.40.0,<0.41.0 || >=0.43.0"

[package.extras]
adal = ["adal (>=1.0.2)"]

[[package]]
name = "oauthlib"
version = "3.2.2"
description = "A generic, spec-compliant, thorough implementation of the OAuth request-signing logic"
category = "main"
optional = false
python-versions = ">=3.6"

[package.extras]
rsa = ["cryptography (>=3.0.0)"]
signals = ["blinker (>=1.4.0)"]
signedtoken = ["cryptography (>=3.0.0)", "pyjwt (>=2.0.0,<3)"]

[[package]]
name = "pyasn1"
version = "0.4.8"
description = "ASN.1 types and codecs"
category = "main"
optional = false
python-versions = "*"

[[package]]
name = "pyasn1-modules"
version = "0.2.8"
description = "A collection of ASN.1-based protocols modules."
category = "main"
optional = false
python-versions = "*"

[package.dependencies]
pyasn1 = ">=0.4.6,<0.5.0"

[[package]]
name = "python-dateutil"
version = "2.8.2"
description = "Extensions to the standard Python datetime module"
category = "main"
optional = false
python-versions = "!=3.0.*,!=3.1.*,!=3.2.*,>=2.7"

[package.dependencies]
six = ">=1.5"

[[package]]
name = "pyyaml"
version = "6.0"
description = "YAML parser and emitter for Python"
category = "main"
optional = false
python-versions = ">=3.6"

[[package]]
name = "requests"
version = "2.28.1"
description = "Python HTTP for Humans."
category = "main"
optional = false
python-versions = ">=3.7, <4"

[package.dependencies]
certifi = ">=2017.4.17"
charset-normalizer = ">=2,<3"
idna = ">=2.5,<4"
urllib3 = ">=1.21.1,<1.27"

[package.extras]
socks = ["PySocks (>=1.5.6,!=1.5.7)"]
use-chardet-on-py3 = ["chardet (>=3.0.2,<6)"]

[[package]]
name = "requests-oauthlib"
version = "1.3.1"
description = "OAuthlib authentication support for Requests."
category = "main"
optional = false
python-versions = ">=2.7, !=3.0.*, !=3.1.*, !=3.2.*, !=3.3.*"

[package.dependencies]
oauthlib = ">=3.0.0"
requests = ">=2.0.0"

[package.extras]
rsa = ["oauthlib[signedtoken] (>=3.0.0)"]

[[package]]
name = "rsa"
version = "4.9"
description = "Pure-Python RSA implementation"
category = "main"
optional = false
python-versions = ">=3.6,<4"

[package.dependencies]
pyasn1 = ">=0.1.3"

[[package]]
name = "setuptools"
version = "65.5.0"
description = "Easily download, build, install, upgrade, and uninstall Python packages"
category = "main"
optional = false
python-versions = ">=3.7"

[package.extras]
docs = ["furo", "jaraco.packaging (>=9)", "jaraco.tidelift (>=1.4)", "pygments-github-lexers (==0.0.5)", "rst.linker (>=1.9)", "sphinx (>=3.5)", "sphinx-favicon", "sphinx-hoverxref (<2)", "sphinx-inline-tabs", "sphinx-notfound-page (==0.8.3)", "sphinx-reredirects", "sphinxcontrib-towncrier"]
testing = ["build[virtualenv]", "filelock (>=3.4.0)", "flake8 (<5)", "flake8-2020", "ini2toml[lite] (>=0.9)", "jaraco.envs (>=2.2)", "jaraco.path (>=3.2.0)", "mock", "pip (>=19.1)", "pip-run (>=8.8)", "pytest (>=6)", "pytest-black (>=0.3.7)", "pytest-checkdocs (>=2.4)", "pytest-cov", "pytest-enabler (>=1.3)", "pytest-flake8", "pytest-mypy (>=0.9.1)", "pytest-perf", "pytest-xdist", "tomli-w (>=1.0.0)", "virtualenv (>=13.0.0)", "wheel"]
testing-integration = ["build[virtualenv]", "filelock (>=3.4.0)", "jaraco.envs (>=2.2)", "jaraco.path (>=3.2.0)", "pytest", "pytest-enabler", "pytest-xdist", "tomli", "virtualenv (>=13.0.0)", "wheel"]

[[package]]
name = "six"
version = "1.16.0"
description = "Python 2 and 3 compatibility utilities"
category = "main"
optional = false
python-versions = ">=2.7, !=3.0.*, !=3.1.*, !=3.2.*"

[[package]]
name = "twisted"
version = "22.10.0"
description = "An asynchronous networking framework written in Python"
category = "main"
optional = false
python-versions = ">=3.7.1"

[package.dependencies]
attrs = ">=19.2.0"
Automat = ">=0.8.0"
constantly = ">=15.1"
hyperlink = ">=17.1.1"
incremental = ">=21.3.0"
twisted-iocpsupport = {version = ">=1.0.2,<2", markers = "platform_system == \"Windows\""}
typing-extensions = ">=3.6.5"
"zope.interface" = ">=4.4.2"

[package.extras]
all-non-platform = ["PyHamcrest (>=1.9.0)", "appdirs (>=1.4.0)", "bcrypt (>=3.0.0)", "contextvars (>=2.4,<3)", "cryptography (>=2.6)", "cython-test-exception-raiser (>=1.0.2,<2)", "h2 (>=3.0,<5.0)", "hypothesis (>=6.0,<7.0)", "idna (>=2.4)", "priority (>=1.1.0,<2.0)", "pyasn1", "pyopenssl (>=21.0.0)", "pyserial (>=3.0)", "pywin32 (!=226)", "service-identity (>=18.1.0)"]
conch = ["appdirs (>=1.4.0)", "bcrypt (>=3.0.0)", "cryptography (>=2.6)", "pyasn1"]
conch-nacl = ["PyNaCl", "appdirs (>=1.4.0)", "bcrypt (>=3.0.0)", "cryptography (>=2.6)", "pyasn1"]
contextvars = ["contextvars (>=2.4,<3)"]
dev = ["coverage (>=6b1,<7)", "pydoctor (>=22.9.0,<22.10.0)", "pyflakes (>=2.2,<3.0)", "python-subunit (>=1.4,<2.0)", "readthedocs-sphinx-ext (>=2.1,<3.0)", "sphinx (>=5.0,<6)", "sphinx-rtd-theme (>=1.0,<2.0)", "towncrier (>=22.8,<23.0)", "twistedchecker (>=0.7,<1.0)"]
dev-release = ["pydoctor (>=22.9.0,<22.10.0)", "readthedocs-sphinx-ext (>=2.1,<3.0)", "sphinx (>=5.0,<6)", "sphinx-rtd-theme (>=1.0,<2.0)", "towncrier (>=22.8,<23.0)"]
gtk-platform = ["PyHamcrest (>=1.9.0)", "appdirs (>=1.4.0)", "bcrypt (>=3.0.0)", "contextvars (>=2.4,<3)", "cryptography (>=2.6)", "cython-test-exception-raiser (>=1.0.2,<2)", "h2 (>=3.0,<5.0)", "hypothesis (>=6.0,<7.0)", "idna (>=2.4)", "priority (>=1.1.0,<2.0)", "pyasn1", "pygobject", "pyopenssl (>=21.0.0)", "pyserial (>=3.0)", "pywin32 (!=226)", "service-identity (>=18.1.0)"]
http2 = ["h2 (>=3.0,<5.0)", "priority (>=1.1.0,<2.0)"]
macos-platform = ["PyHamcrest (>=1.9.0)", "appdirs (>=1.4.0)", "bcrypt (>=3.0.0)", "contextvars (>=2.4,<3)", "cryptography (>=2.6)", "cython-test-exception-raiser (>=1.0.2,<2)", "h2 (>=3.0,<5.0)", "hypothesis (>=6.0,<7.0)", "idna (>=2.4)", "priority (>=1.1.0,<2.0)", "pyasn1", "pyobjc-core", "pyobjc-framework-CFNetwork", "pyobjc-framework-Cocoa", "pyopenssl (>=21.0.0)", "pyserial (>=3.0)", "pywin32 (!=226)", "service-identity (>=18.1.0)"]
mypy = ["PyHamcrest (>=1.9.0)", "PyNaCl", "appdirs (>=1.4.0)", "bcrypt (>=3.0.0)", "contextvars (>=2.4,<3)", "coverage (>=6b1,<7)", "cryptography (>=2.6)", "cython-test-exception-raiser (>=1.0.2,<2)", "h2 (>=3.0,<5.0)", "hypothesis (>=6.0,<7.0)", "idna (>=2.4)", "mypy (==0.930)", "mypy-zope (==0.3.4)", "priority (>=1.1.0,<2.0)", "pyasn1", "pydoctor (>=22.9.0,<22.10.0)", "pyflakes (>=2.2,<3.0)", "pyopenssl (>=21.0.0)", "pyserial (>=3.0)", "python-subunit (>=1.4,<2.0)", "pywin32 (!=226)", "readthedocs-sphinx-ext (>=2.1,<3.0)", "service-identity (>=18.1.0)", "sphinx (>=5.0,<6)", "sphinx-rtd-theme (>=1.0,<2.0)", "towncrier (>=22.8,<23.0)", "twistedchecker (>=0.7,<1.0)", "types-pyOpenSSL", "types-setuptools"]
osx-platform = ["PyHamcrest (>=1.9.0)", "appdirs (>=1.4.0)", "bcrypt (>=3.0.0)", "contextvars (>=2.4,<3)", "cryptography (>=2.6)", "cython-test-exception-raiser (>=1.0.2,<2)", "h2 (>=3.0,<5.0)", "hypothesis (>=6.0,<7.0)", "idna (>=2.4)", "priority (>=1.1.0,<2.0)", "pyasn1", "pyobjc-core", "pyobjc-framework-CFNetwork", "pyobjc-framework-Cocoa", "pyopenssl (>=21.0.0)", "pyserial (>=3.0)", "pywin32 (!=226)", "service-identity (>=18.1.0)"]
serial = ["pyserial (>=3.0)", "pywin32 (!=226)"]
test = ["PyHamcrest (>=1.9.0)", "cython-test-exception-raiser (>=1.0.2,<2)", "hypothesis (>=6.0,<7.0)"]
tls = ["idna (>=2.4)", "pyopenssl (>=21.0.0)", "service-identity (>=18.1.0)"]
windows-platform = ["PyHamcrest (>=1.9.0)", "appdirs (>=1.4.0)", "bcrypt (>=3.0.0)", "contextvars (>=2.4,<3)", "cryptography (>=2.6)", "cython-test-exception-raiser (>=1.0.2,<2)", "h2 (>=3.0,<5.0)", "hypothesis (>=6.0,<7.0)", "idna (>=2.4)", "priority (>=1.1.0,<2.0)", "pyasn1", "pyopenssl (>=21.0.0)", "pyserial (>=3.0)", "pywin32 (!=226)", "pywin32 (!=226)", "service-identity (>=18.1.0)"]

[[package]]
name = "twisted-iocpsupport"
version = "1.0.2"
description = "An extension for use in the twisted I/O Completion Ports reactor."
category = "main"
optional = false
python-versions = "*"

[[package]]
name = "typing-extensions"
version = "4.4.0"
description = "Backported and Experimental Type Hints for Python 3.7+"
category = "main"
optional = false
python-versions = ">=3.7"

[[package]]
name = "urllib3"
version = "1.26.12"
description = "HTTP library with thread-safe connection pooling, file post, and more."
category = "main"
optional = false
python-versions = ">=2.7, !=3.0.*, !=3.1.*, !=3.2.*, !=3.3.*, !=3.4.*, !=3.5.*, <4"

[package.extras]
brotli = ["brotli (>=1.0.9)", "brotlicffi (>=0.8.0)", "brotlipy (>=0.6.0)"]
secure = ["certifi", "cryptography (>=1.3.4)", "idna (>=2.0.0)", "ipaddress", "pyOpenSSL (>=0.14)", "urllib3-secure-extra"]
socks = ["PySocks (>=1.5.6,!=1.5.7,<2.0)"]

[[package]]
name = "websocket-client"
version = "1.4.1"
description = "WebSocket client for Python with low level API options"
category = "main"
optional = false
python-versions = ">=3.7"

[package.extras]
docs = ["Sphinx (>=3.4)", "sphinx-rtd-theme (>=0.5)"]
optional = ["python-socks", "wsaccel"]
test = ["websockets"]

[[package]]
name = "zope-interface"
version = "5.5.0"
description = "Interfaces for Python"
category = "main"
optional = false
python-versions = ">=2.7, !=3.0.*, !=3.1.*, !=3.2.*, !=3.3.*, !=3.4.*"

[package.dependencies]
setuptools = "*"

[package.extras]
docs = ["Sphinx", "repoze.sphinx.autointerface"]
test = ["coverage (>=5.0.3)", "zope.event", "zope.testing"]
testing = ["coverage (>=5.0.3)", "zope.event", "zope.testing"]

[metadata]
lock-version = "1.1"
python-versions = "^3.9"
content-hash = "1ea8594c3d5472485c6a6093b1947d5b2bf6bde1e1b993d40278a81dac25387e"

[metadata.files]
arcaflow-plugin-sdk = [
    {file = "arcaflow_plugin_sdk-0.9.0-py3-none-any.whl", hash = "sha256:1254df74d59a7d54f7d046a35b6173db56096299dc0acfc9a1432da75ce1da83"},
    {file = "arcaflow_plugin_sdk-0.9.0.tar.gz", hash = "sha256:21b22b634148e07fcd636a7263b2dc50a92dcbd2cbad7b72b799345b851b9d5c"},
]
attrs = [
    {file = "attrs-22.1.0-py2.py3-none-any.whl", hash = "sha256:86efa402f67bf2df34f51a335487cf46b1ec130d02b8d39fd248abfd30da551c"},
    {file = "attrs-22.1.0.tar.gz", hash = "sha256:29adc2665447e5191d0e7c568fde78b21f9672d344281d0c6e1ab085429b22b6"},
]
automat = [
    {file = "Automat-20.2.0-py2.py3-none-any.whl", hash = "sha256:b6feb6455337df834f6c9962d6ccf771515b7d939bca142b29c20c2376bc6111"},
    {file = "Automat-20.2.0.tar.gz", hash = "sha256:7979803c74610e11ef0c0d68a2942b152df52da55336e0c9d58daf1831cbdf33"},
]
cachetools = [
    {file = "cachetools-5.2.0-py3-none-any.whl", hash = "sha256:f9f17d2aec496a9aa6b76f53e3b614c965223c061982d434d160f930c698a9db"},
    {file = "cachetools-5.2.0.tar.gz", hash = "sha256:6a94c6402995a99c3970cc7e4884bb60b4a8639938157eeed436098bf9831757"},
]
cbor2 = [
    {file = "cbor2-5.4.3-cp310-cp310-macosx_10_9_x86_64.whl", hash = "sha256:8a643b19ace1584043bbf4e2d0b4fae8bebd6b6ffab14ea6478d3ff07f58e854"},
    {file = "cbor2-5.4.3-cp310-cp310-macosx_11_0_arm64.whl", hash = "sha256:e10f2f4fcf5ab6a8b24d22f7109f48cad8143f669795899370170d7b36ed309f"},
    {file = "cbor2-5.4.3-cp310-cp310-manylinux_2_17_aarch64.manylinux2014_aarch64.whl", hash = "sha256:2de925608dc6d73cd1aab08800bff38f71f90459c15db3a71a67023b0fc697da"},
    {file = "cbor2-5.4.3-cp310-cp310-manylinux_2_17_x86_64.manylinux2014_x86_64.whl", hash = "sha256:62fc15bfe187e4994c457e6055687514c417d6099de62dd33ae766561f05847e"},
    {file = "cbor2-5.4.3-cp310-cp310-musllinux_1_1_aarch64.whl", hash = "sha256:3843a9bb970343e9c896aa71a34fa80983cd0ddec6eacdb2284b5e83f4ee7511"},
    {file = "cbor2-5.4.3-cp310-cp310-musllinux_1_1_x86_64.whl", hash = "sha256:b35c5d4d14fe804f718d5a5968a528970d2a7046aa87045538f189a98e5c7055"},
    {file = "cbor2-5.4.3-cp310-cp310-win_amd64.whl", hash = "sha256:0a3a1b2f6b83ab4ce806df48360cc16d34cd315f17549dbda9fdd371bea04497"},
    {file = "cbor2-5.4.3-cp37-cp37m-macosx_10_9_x86_64.whl", hash = "sha256:4b09ff6148a8cd529512479a1d6521fb7687fb03b448973933c3b03711d00bfc"},
    {file = "cbor2-5.4.3-cp37-cp37m-manylinux_2_17_aarch64.manylinux2014_aarch64.whl", hash = "sha256:d21ccd1ec802e88dba1c373724a09538a0237116ab589c5301ca4c59478f7c10"},
    {file = "cbor2-5.4.3-cp37-cp37m-manylinux_2_17_x86_64.manylinux2014_x86_64.whl", hash = "sha256:c07975f956baddb8dfeca4966f1871fd2482cb36af24c461f763732a44675225"},
    {file = "cbor2-5.4.3-cp37-cp37m-musllinux_1_1_aarch64.whl", hash = "sha256:9538ab1b4207e76ee02a52362d77e312921ec1dc75b6fb42182887d87d0ca53e"},
    {file = "cbor2-5.4.3-cp37-cp37m-musllinux_1_1_x86_64.whl", hash = "sha256:cbca58220f52fd50d8985e4079e10c71196d538fb6685f157f608a29253409a4"},
    {file = "cbor2-5.4.3-cp37-cp37m-win_amd64.whl", hash = "sha256:c617c7f94936d65ed9c8e99c6c03e3dc83313d69c6bfea810014ec658e9b1a9d"},
    {file = "cbor2-5.4.3-cp38-cp38-macosx_10_9_x86_64.whl", hash = "sha256:70789805b9aebd215626188aa05bb09908ed51e3268d4db5ae6a08276efdbcb1"},
    {file = "cbor2-5.4.3-cp38-cp38-macosx_11_0_arm64.whl", hash = "sha256:0e4ae67a697c664b579b87c4ef9d60e26c146b95bff443a9a38abb16f6981ff0"},
    {file = "cbor2-5.4.3-cp38-cp38-manylinux_2_17_aarch64.manylinux2014_aarch64.whl", hash = "sha256:ab6c934806759d453a9bb5318f2703c831e736be005ac35d5bd5cf2093ba57b1"},
    {file = "cbor2-5.4.3-cp38-cp38-manylinux_2_17_x86_64.manylinux2014_x86_64.whl", hash = "sha256:981b9ffc4f2947a0f030e71ce5eac31334bc81369dd57c6c1273c94c6cdb0b5a"},
    {file = "cbor2-5.4.3-cp38-cp38-musllinux_1_1_aarch64.whl", hash = "sha256:cbe7cdeed26cd8ec2dcfed2b8876bc137ad8b9e0abb07aa5fb05770148a4b5c7"},
    {file = "cbor2-5.4.3-cp38-cp38-musllinux_1_1_x86_64.whl", hash = "sha256:6bc8c5606aa0ae510bdb3c7d987f92df39ef87d09e0f0588a4d1daffd3cb0453"},
    {file = "cbor2-5.4.3-cp38-cp38-win_amd64.whl", hash = "sha256:5c50da4702ac5ca3a8e7cb9f34f62b4ea91bc81b76c2fba03888b366da299cd8"},
    {file = "cbor2-5.4.3-cp39-cp39-macosx_10_9_x86_64.whl", hash = "sha256:37ae0ce5afe864d1a1c5b05becaf8aaca7b7131cb7b0b935d7e79b29fb1cea28"},
    {file = "cbor2-5.4.3-cp39-cp39-macosx_11_0_arm64.whl", hash = "sha256:2f30f7ef329ea6ec630ceabe5a539fed407b9c81e27e2322644e3efbbd1b2a76"},
    {file = "cbor2-5.4.3-cp39-cp39-manylinux_2_17_aarch64.manylinux2014_aarch64.whl", hash = "sha256:d549abea7115c8a0d7c61a31a895c031f902a7b4c875f9efd8ce41e466baf83a"},
    {file = "cbor2-5.4.3-cp39-cp39-manylinux_2_17_x86_64.manylinux2014_x86_64.whl", hash = "sha256:6fab0e00c28305db59f7005150447d08dd13da6a82695a2132c28beba590fd2c"},
    {file = "cbor2-5.4.3-cp39-cp39-musllinux_1_1_aarch64.whl", hash = "sha256:20291dad09cf9c4e5f434d376dd9d60f5ab5e066b308005f50e7c5e22e504214"},
    {file = "cbor2-5.4.3-cp39-cp39-musllinux_1_1_x86_64.whl", hash = "sha256:5aaf3406c9d661d11f87e792edb9a38561dba1441afba7fb883d6d963e67f32c"},
    {file = "cbor2-5.4.3-cp39-cp39-win_amd64.whl", hash = "sha256:4e8590193fcbbb9477010ca0f094f6540a5e723965c90eea7a37edbe75f0ec4d"},
    {file = "cbor2-5.4.3.tar.gz", hash = "sha256:62b863c5ee6ced4032afe948f3c1484f375550995d3b8498145237fe28e546c2"},
]
certifi = [
    {file = "certifi-2022.9.24-py3-none-any.whl", hash = "sha256:90c1a32f1d68f940488354e36370f6cca89f0f106db09518524c88d6ed83f382"},
    {file = "certifi-2022.9.24.tar.gz", hash = "sha256:0d9c601124e5a6ba9712dbc60d9c53c21e34f5f641fe83002317394311bdce14"},
]
charset-normalizer = [
    {file = "charset-normalizer-2.1.1.tar.gz", hash = "sha256:5a3d016c7c547f69d6f81fb0db9449ce888b418b5b9952cc5e6e66843e9dd845"},
    {file = "charset_normalizer-2.1.1-py3-none-any.whl", hash = "sha256:83e9a75d1911279afd89352c68b45348559d1fc0506b054b346651b5e7fee29f"},
]
constantly = [
    {file = "constantly-15.1.0-py2.py3-none-any.whl", hash = "sha256:dd2fa9d6b1a51a83f0d7dd76293d734046aa176e384bf6e33b7e44880eb37c5d"},
    {file = "constantly-15.1.0.tar.gz", hash = "sha256:586372eb92059873e29eba4f9dec8381541b4d3834660707faf8ba59146dfc35"},
]
google-auth = [
    {file = "google-auth-2.13.0.tar.gz", hash = "sha256:9352dd6394093169157e6971526bab9a2799244d68a94a4a609f0dd751ef6f5e"},
    {file = "google_auth-2.13.0-py2.py3-none-any.whl", hash = "sha256:99510e664155f1a3c0396a076b5deb6367c52ea04d280152c85ac7f51f50eb42"},
]
hyperlink = [
    {file = "hyperlink-21.0.0-py2.py3-none-any.whl", hash = "sha256:e6b14c37ecb73e89c77d78cdb4c2cc8f3fb59a885c5b3f819ff4ed80f25af1b4"},
    {file = "hyperlink-21.0.0.tar.gz", hash = "sha256:427af957daa58bc909471c6c40f74c5450fa123dd093fc53efd2e91d2705a56b"},
]
idna = [
    {file = "idna-3.4-py3-none-any.whl", hash = "sha256:90b77e79eaa3eba6de819a0c442c0b4ceefc341a7a2ab77d7562bf49f425c5c2"},
    {file = "idna-3.4.tar.gz", hash = "sha256:814f528e8dead7d329833b91c5faa87d60bf71824cd12a7530b5526063d02cb4"},
]
incremental = [
    {file = "incremental-22.10.0-py2.py3-none-any.whl", hash = "sha256:b864a1f30885ee72c5ac2835a761b8fe8aa9c28b9395cacf27286602688d3e51"},
    {file = "incremental-22.10.0.tar.gz", hash = "sha256:912feeb5e0f7e0188e6f42241d2f450002e11bbc0937c65865045854c24c0bd0"},
]
kubernetes = [
    {file = "kubernetes-24.2.0-py2.py3-none-any.whl", hash = "sha256:da19d58865cf903a8c7b9c3691a2e6315d583a98f0659964656dfdf645bf7e49"},
    {file = "kubernetes-24.2.0.tar.gz", hash = "sha256:9900f12ae92007533247167d14cdee949cd8c7721f88b4a7da5f5351da3834cd"},
]
oauthlib = [
    {file = "oauthlib-3.2.2-py3-none-any.whl", hash = "sha256:8139f29aac13e25d502680e9e19963e83f16838d48a0d71c287fe40e7067fbca"},
    {file = "oauthlib-3.2.2.tar.gz", hash = "sha256:9859c40929662bec5d64f34d01c99e093149682a3f38915dc0655d5a633dd918"},
]
pyasn1 = [
    {file = "pyasn1-0.4.8-py2.py3-none-any.whl", hash = "sha256:39c7e2ec30515947ff4e87fb6f456dfc6e84857d34be479c9d4a4ba4bf46aa5d"},
    {file = "pyasn1-0.4.8.tar.gz", hash = "sha256:aef77c9fb94a3ac588e87841208bdec464471d9871bd5050a287cc9a475cd0ba"},
]
pyasn1-modules = [
    {file = "pyasn1-modules-0.2.8.tar.gz", hash = "sha256:905f84c712230b2c592c19470d3ca8d552de726050d1d1716282a1f6146be65e"},
    {file = "pyasn1_modules-0.2.8-py2.py3-none-any.whl", hash = "sha256:a50b808ffeb97cb3601dd25981f6b016cbb3d31fbf57a8b8a87428e6158d0c74"},
]
python-dateutil = [
    {file = "python-dateutil-2.8.2.tar.gz", hash = "sha256:0123cacc1627ae19ddf3c27a5de5bd67ee4586fbdd6440d9748f8abb483d3e86"},
    {file = "python_dateutil-2.8.2-py2.py3-none-any.whl", hash = "sha256:961d03dc3453ebbc59dbdea9e4e11c5651520a876d0f4db161e8674aae935da9"},
]
pyyaml = [
    {file = "PyYAML-6.0-cp310-cp310-macosx_10_9_x86_64.whl", hash = "sha256:d4db7c7aef085872ef65a8fd7d6d09a14ae91f691dec3e87ee5ee0539d516f53"},
    {file = "PyYAML-6.0-cp310-cp310-macosx_11_0_arm64.whl", hash = "sha256:9df7ed3b3d2e0ecfe09e14741b857df43adb5a3ddadc919a2d94fbdf78fea53c"},
    {file = "PyYAML-6.0-cp310-cp310-manylinux_2_17_aarch64.manylinux2014_aarch64.whl", hash = "sha256:77f396e6ef4c73fdc33a9157446466f1cff553d979bd00ecb64385760c6babdc"},
    {file = "PyYAML-6.0-cp310-cp310-manylinux_2_17_s390x.manylinux2014_s390x.whl", hash = "sha256:a80a78046a72361de73f8f395f1f1e49f956c6be882eed58505a15f3e430962b"},
    {file = "PyYAML-6.0-cp310-cp310-manylinux_2_5_x86_64.manylinux1_x86_64.manylinux_2_12_x86_64.manylinux2010_x86_64.whl", hash = "sha256:f84fbc98b019fef2ee9a1cb3ce93e3187a6df0b2538a651bfb890254ba9f90b5"},
    {file = "PyYAML-6.0-cp310-cp310-win32.whl", hash = "sha256:2cd5df3de48857ed0544b34e2d40e9fac445930039f3cfe4bcc592a1f836d513"},
    {file = "PyYAML-6.0-cp310-cp310-win_amd64.whl", hash = "sha256:daf496c58a8c52083df09b80c860005194014c3698698d1a57cbcfa182142a3a"},
    {file = "PyYAML-6.0-cp311-cp311-macosx_10_9_x86_64.whl", hash = "sha256:d4b0ba9512519522b118090257be113b9468d804b19d63c71dbcf4a48fa32358"},
    {file = "PyYAML-6.0-cp311-cp311-macosx_11_0_arm64.whl", hash = "sha256:81957921f441d50af23654aa6c5e5eaf9b06aba7f0a19c18a538dc7ef291c5a1"},
    {file = "PyYAML-6.0-cp311-cp311-manylinux_2_17_aarch64.manylinux2014_aarch64.whl", hash = "sha256:afa17f5bc4d1b10afd4466fd3a44dc0e245382deca5b3c353d8b757f9e3ecb8d"},
    {file = "PyYAML-6.0-cp311-cp311-manylinux_2_17_s390x.manylinux2014_s390x.whl", hash = "sha256:dbad0e9d368bb989f4515da330b88a057617d16b6a8245084f1b05400f24609f"},
    {file = "PyYAML-6.0-cp311-cp311-manylinux_2_17_x86_64.manylinux2014_x86_64.whl", hash = "sha256:432557aa2c09802be39460360ddffd48156e30721f5e8d917f01d31694216782"},
    {file = "PyYAML-6.0-cp311-cp311-win32.whl", hash = "sha256:bfaef573a63ba8923503d27530362590ff4f576c626d86a9fed95822a8255fd7"},
    {file = "PyYAML-6.0-cp311-cp311-win_amd64.whl", hash = "sha256:01b45c0191e6d66c470b6cf1b9531a771a83c1c4208272ead47a3ae4f2f603bf"},
    {file = "PyYAML-6.0-cp36-cp36m-macosx_10_9_x86_64.whl", hash = "sha256:897b80890765f037df3403d22bab41627ca8811ae55e9a722fd0392850ec4d86"},
    {file = "PyYAML-6.0-cp36-cp36m-manylinux_2_17_aarch64.manylinux2014_aarch64.whl", hash = "sha256:50602afada6d6cbfad699b0c7bb50d5ccffa7e46a3d738092afddc1f9758427f"},
    {file = "PyYAML-6.0-cp36-cp36m-manylinux_2_17_s390x.manylinux2014_s390x.whl", hash = "sha256:48c346915c114f5fdb3ead70312bd042a953a8ce5c7106d5bfb1a5254e47da92"},
    {file = "PyYAML-6.0-cp36-cp36m-manylinux_2_5_x86_64.manylinux1_x86_64.manylinux_2_12_x86_64.manylinux2010_x86_64.whl", hash = "sha256:98c4d36e99714e55cfbaaee6dd5badbc9a1ec339ebfc3b1f52e293aee6bb71a4"},
    {file = "PyYAML-6.0-cp36-cp36m-win32.whl", hash = "sha256:0283c35a6a9fbf047493e3a0ce8d79ef5030852c51e9d911a27badfde0605293"},
    {file = "PyYAML-6.0-cp36-cp36m-win_amd64.whl", hash = "sha256:07751360502caac1c067a8132d150cf3d61339af5691fe9e87803040dbc5db57"},
    {file = "PyYAML-6.0-cp37-cp37m-macosx_10_9_x86_64.whl", hash = "sha256:819b3830a1543db06c4d4b865e70ded25be52a2e0631ccd2f6a47a2822f2fd7c"},
    {file = "PyYAML-6.0-cp37-cp37m-manylinux_2_17_aarch64.manylinux2014_aarch64.whl", hash = "sha256:473f9edb243cb1935ab5a084eb238d842fb8f404ed2193a915d1784b5a6b5fc0"},
    {file = "PyYAML-6.0-cp37-cp37m-manylinux_2_17_s390x.manylinux2014_s390x.whl", hash = "sha256:0ce82d761c532fe4ec3f87fc45688bdd3a4c1dc5e0b4a19814b9009a29baefd4"},
    {file = "PyYAML-6.0-cp37-cp37m-manylinux_2_5_x86_64.manylinux1_x86_64.manylinux_2_12_x86_64.manylinux2010_x86_64.whl", hash = "sha256:231710d57adfd809ef5d34183b8ed1eeae3f76459c18fb4a0b373ad56bedcdd9"},
    {file = "PyYAML-6.0-cp37-cp37m-win32.whl", hash = "sha256:c5687b8d43cf58545ade1fe3e055f70eac7a5a1a0bf42824308d868289a95737"},
    {file = "PyYAML-6.0-cp37-cp37m-win_amd64.whl", hash = "sha256:d15a181d1ecd0d4270dc32edb46f7cb7733c7c508857278d3d378d14d606db2d"},
    {file = "PyYAML-6.0-cp38-cp38-macosx_10_9_x86_64.whl", hash = "sha256:0b4624f379dab24d3725ffde76559cff63d9ec94e1736b556dacdfebe5ab6d4b"},
    {file = "PyYAML-6.0-cp38-cp38-manylinux_2_17_aarch64.manylinux2014_aarch64.whl", hash = "sha256:213c60cd50106436cc818accf5baa1aba61c0189ff610f64f4a3e8c6726218ba"},
    {file = "PyYAML-6.0-cp38-cp38-manylinux_2_17_s390x.manylinux2014_s390x.whl", hash = "sha256:9fa600030013c4de8165339db93d182b9431076eb98eb40ee068700c9c813e34"},
    {file = "PyYAML-6.0-cp38-cp38-manylinux_2_5_x86_64.manylinux1_x86_64.manylinux_2_12_x86_64.manylinux2010_x86_64.whl", hash = "sha256:277a0ef2981ca40581a47093e9e2d13b3f1fbbeffae064c1d21bfceba2030287"},
    {file = "PyYAML-6.0-cp38-cp38-win32.whl", hash = "sha256:d4eccecf9adf6fbcc6861a38015c2a64f38b9d94838ac1810a9023a0609e1b78"},
    {file = "PyYAML-6.0-cp38-cp38-win_amd64.whl", hash = "sha256:1e4747bc279b4f613a09eb64bba2ba602d8a6664c6ce6396a4d0cd413a50ce07"},
    {file = "PyYAML-6.0-cp39-cp39-macosx_10_9_x86_64.whl", hash = "sha256:055d937d65826939cb044fc8c9b08889e8c743fdc6a32b33e2390f66013e449b"},
    {file = "PyYAML-6.0-cp39-cp39-macosx_11_0_arm64.whl", hash = "sha256:e61ceaab6f49fb8bdfaa0f92c4b57bcfbea54c09277b1b4f7ac376bfb7a7c174"},
    {file = "PyYAML-6.0-cp39-cp39-manylinux_2_17_aarch64.manylinux2014_aarch64.whl", hash = "sha256:d67d839ede4ed1b28a4e8909735fc992a923cdb84e618544973d7dfc71540803"},
    {file = "PyYAML-6.0-cp39-cp39-manylinux_2_17_s390x.manylinux2014_s390x.whl", hash = "sha256:cba8c411ef271aa037d7357a2bc8f9ee8b58b9965831d9e51baf703280dc73d3"},
    {file = "PyYAML-6.0-cp39-cp39-manylinux_2_5_x86_64.manylinux1_x86_64.manylinux_2_12_x86_64.manylinux2010_x86_64.whl", hash = "sha256:40527857252b61eacd1d9af500c3337ba8deb8fc298940291486c465c8b46ec0"},
    {file = "PyYAML-6.0-cp39-cp39-win32.whl", hash = "sha256:b5b9eccad747aabaaffbc6064800670f0c297e52c12754eb1d976c57e4f74dcb"},
    {file = "PyYAML-6.0-cp39-cp39-win_amd64.whl", hash = "sha256:b3d267842bf12586ba6c734f89d1f5b871df0273157918b0ccefa29deb05c21c"},
    {file = "PyYAML-6.0.tar.gz", hash = "sha256:68fb519c14306fec9720a2a5b45bc9f0c8d1b9c72adf45c37baedfcd949c35a2"},
]
requests = [
    {file = "requests-2.28.1-py3-none-any.whl", hash = "sha256:8fefa2a1a1365bf5520aac41836fbee479da67864514bdb821f31ce07ce65349"},
    {file = "requests-2.28.1.tar.gz", hash = "sha256:7c5599b102feddaa661c826c56ab4fee28bfd17f5abca1ebbe3e7f19d7c97983"},
]
requests-oauthlib = [
    {file = "requests-oauthlib-1.3.1.tar.gz", hash = "sha256:75beac4a47881eeb94d5ea5d6ad31ef88856affe2332b9aafb52c6452ccf0d7a"},
    {file = "requests_oauthlib-1.3.1-py2.py3-none-any.whl", hash = "sha256:2577c501a2fb8d05a304c09d090d6e47c306fef15809d102b327cf8364bddab5"},
]
rsa = [
    {file = "rsa-4.9-py3-none-any.whl", hash = "sha256:90260d9058e514786967344d0ef75fa8727eed8a7d2e43ce9f4bcf1b536174f7"},
    {file = "rsa-4.9.tar.gz", hash = "sha256:e38464a49c6c85d7f1351b0126661487a7e0a14a50f1675ec50eb34d4f20ef21"},
]
setuptools = [
    {file = "setuptools-65.5.0-py3-none-any.whl", hash = "sha256:f62ea9da9ed6289bfe868cd6845968a2c854d1427f8548d52cae02a42b4f0356"},
    {file = "setuptools-65.5.0.tar.gz", hash = "sha256:512e5536220e38146176efb833d4a62aa726b7bbff82cfbc8ba9eaa3996e0b17"},
]
six = [
    {file = "six-1.16.0-py2.py3-none-any.whl", hash = "sha256:8abb2f1d86890a2dfb989f9a77cfcfd3e47c2a354b01111771326f8aa26e0254"},
    {file = "six-1.16.0.tar.gz", hash = "sha256:1e61c37477a1626458e36f7b1d82aa5c9b094fa4802892072e49de9c60c4c926"},
]
twisted = [
    {file = "Twisted-22.10.0-py3-none-any.whl", hash = "sha256:86c55f712cc5ab6f6d64e02503352464f0400f66d4f079096d744080afcccbd0"},
    {file = "Twisted-22.10.0.tar.gz", hash = "sha256:32acbd40a94f5f46e7b42c109bfae2b302250945561783a8b7a059048f2d4d31"},
]
twisted-iocpsupport = [
    {file = "twisted-iocpsupport-1.0.2.tar.gz", hash = "sha256:72068b206ee809c9c596b57b5287259ea41ddb4774d86725b19f35bf56aa32a9"},
    {file = "twisted_iocpsupport-1.0.2-cp310-cp310-win32.whl", hash = "sha256:985c06a33f5c0dae92c71a036d1ea63872ee86a21dd9b01e1f287486f15524b4"},
    {file = "twisted_iocpsupport-1.0.2-cp310-cp310-win_amd64.whl", hash = "sha256:81b3abe3527b367da0220482820cb12a16c661672b7bcfcde328902890d63323"},
    {file = "twisted_iocpsupport-1.0.2-cp36-cp36m-win32.whl", hash = "sha256:9dbb8823b49f06d4de52721b47de4d3b3026064ef4788ce62b1a21c57c3fff6f"},
    {file = "twisted_iocpsupport-1.0.2-cp36-cp36m-win_amd64.whl", hash = "sha256:b9fed67cf0f951573f06d560ac2f10f2a4bbdc6697770113a2fc396ea2cb2565"},
    {file = "twisted_iocpsupport-1.0.2-cp37-cp37m-win32.whl", hash = "sha256:b76b4eed9b27fd63ddb0877efdd2d15835fdcb6baa745cb85b66e5d016ac2878"},
    {file = "twisted_iocpsupport-1.0.2-cp37-cp37m-win_amd64.whl", hash = "sha256:851b3735ca7e8102e661872390e3bce88f8901bece95c25a0c8bb9ecb8a23d32"},
    {file = "twisted_iocpsupport-1.0.2-cp38-cp38-win32.whl", hash = "sha256:bf4133139d77fc706d8f572e6b7d82871d82ec7ef25d685c2351bdacfb701415"},
    {file = "twisted_iocpsupport-1.0.2-cp38-cp38-win_amd64.whl", hash = "sha256:306becd6e22ab6e8e4f36b6bdafd9c92e867c98a5ce517b27fdd27760ee7ae41"},
    {file = "twisted_iocpsupport-1.0.2-cp39-cp39-win32.whl", hash = "sha256:3c61742cb0bc6c1ac117a7e5f422c129832f0c295af49e01d8a6066df8cfc04d"},
    {file = "twisted_iocpsupport-1.0.2-cp39-cp39-win_amd64.whl", hash = "sha256:b435857b9efcbfc12f8c326ef0383f26416272260455bbca2cd8d8eca470c546"},
    {file = "twisted_iocpsupport-1.0.2-pp37-pypy37_pp73-win_amd64.whl", hash = "sha256:7d972cfa8439bdcb35a7be78b7ef86d73b34b808c74be56dfa785c8a93b851bf"},
]
typing-extensions = [
    {file = "typing_extensions-4.4.0-py3-none-any.whl", hash = "sha256:16fa4864408f655d35ec496218b85f79b3437c829e93320c7c9215ccfd92489e"},
    {file = "typing_extensions-4.4.0.tar.gz", hash = "sha256:1511434bb92bf8dd198c12b1cc812e800d4181cfcb867674e0f8279cc93087aa"},
]
urllib3 = [
    {file = "urllib3-1.26.12-py2.py3-none-any.whl", hash = "sha256:b930dd878d5a8afb066a637fbb35144fe7901e3b209d1cd4f524bd0e9deee997"},
    {file = "urllib3-1.26.12.tar.gz", hash = "sha256:3fa96cf423e6987997fc326ae8df396db2a8b7c667747d47ddd8ecba91f4a74e"},
]
websocket-client = [
    {file = "websocket-client-1.4.1.tar.gz", hash = "sha256:f9611eb65c8241a67fb373bef040b3cf8ad377a9f6546a12b620b6511e8ea9ef"},
    {file = "websocket_client-1.4.1-py3-none-any.whl", hash = "sha256:398909eb7e261f44b8f4bd474785b6ec5f5b499d4953342fe9755e01ef624090"},
]
zope-interface = [
    {file = "zope.interface-5.5.0-cp27-cp27m-macosx_10_14_x86_64.whl", hash = "sha256:2cb3003941f5f4fa577479ac6d5db2b940acb600096dd9ea9bf07007f5cab46f"},
    {file = "zope.interface-5.5.0-cp27-cp27m-win32.whl", hash = "sha256:8c791f4c203ccdbcda588ea4c8a6e4353e10435ea48ddd3d8734a26fe9714cba"},
    {file = "zope.interface-5.5.0-cp27-cp27m-win_amd64.whl", hash = "sha256:3eedf3d04179774d750e8bb4463e6da350956a50ed44d7b86098e452d7ec385e"},
    {file = "zope.interface-5.5.0-cp310-cp310-macosx_11_0_x86_64.whl", hash = "sha256:58a66c2020a347973168a4a9d64317bac52f9fdfd3e6b80b252be30da881a64e"},
    {file = "zope.interface-5.5.0-cp310-cp310-manylinux_2_17_aarch64.manylinux2014_aarch64.whl", hash = "sha256:da7912ae76e1df6a1fb841b619110b1be4c86dfb36699d7fd2f177105cdea885"},
    {file = "zope.interface-5.5.0-cp310-cp310-manylinux_2_5_i686.manylinux1_i686.manylinux_2_12_i686.manylinux2010_i686.whl", hash = "sha256:423c074e404f13e6fa07f4454f47fdbb38d358be22945bc812b94289d9142374"},
    {file = "zope.interface-5.5.0-cp310-cp310-manylinux_2_5_x86_64.manylinux1_x86_64.manylinux_2_12_x86_64.manylinux2010_x86_64.whl", hash = "sha256:7bdcec93f152e0e1942102537eed7b166d6661ae57835b20a52a2a3d6a3e1bf3"},
    {file = "zope.interface-5.5.0-cp310-cp310-win32.whl", hash = "sha256:03f5ae315db0d0de668125d983e2a819a554f3fdb2d53b7e934e3eb3c3c7375d"},
    {file = "zope.interface-5.5.0-cp310-cp310-win_amd64.whl", hash = "sha256:8b9f153208d74ccfa25449a0c6cb756ab792ce0dc99d9d771d935f039b38740c"},
    {file = "zope.interface-5.5.0-cp311-cp311-manylinux_2_17_aarch64.manylinux2014_aarch64.whl", hash = "sha256:aeac590cce44e68ee8ad0b8ecf4d7bf15801f102d564ca1b0eb1f12f584ee656"},
    {file = "zope.interface-5.5.0-cp35-cp35m-win32.whl", hash = "sha256:7d9ec1e6694af39b687045712a8ad14ddcb568670d5eb1b66b48b98b9312afba"},
    {file = "zope.interface-5.5.0-cp35-cp35m-win_amd64.whl", hash = "sha256:d18fb0f6c8169d26044128a2e7d3c39377a8a151c564e87b875d379dbafd3930"},
    {file = "zope.interface-5.5.0-cp36-cp36m-macosx_10_14_x86_64.whl", hash = "sha256:0eb2b3e84f48dd9cfc8621c80fba905d7e228615c67f76c7df7c716065669bb6"},
    {file = "zope.interface-5.5.0-cp36-cp36m-manylinux_2_17_aarch64.manylinux2014_aarch64.whl", hash = "sha256:df6593e150d13cfcce69b0aec5df7bc248cb91e4258a7374c129bb6d56b4e5ca"},
    {file = "zope.interface-5.5.0-cp36-cp36m-manylinux_2_5_i686.manylinux1_i686.manylinux_2_12_i686.manylinux2010_i686.whl", hash = "sha256:9dc4493aa3d87591e3d2bf1453e25b98038c839ca8e499df3d7106631b66fe83"},
    {file = "zope.interface-5.5.0-cp36-cp36m-manylinux_2_5_x86_64.manylinux1_x86_64.manylinux_2_12_x86_64.manylinux2010_x86_64.whl", hash = "sha256:5c6023ae7defd052cf76986ce77922177b0c2f3913bea31b5b28fbdf6cb7099e"},
    {file = "zope.interface-5.5.0-cp36-cp36m-win32.whl", hash = "sha256:a69c28d85bb7cf557751a5214cb3f657b2b035c8c96d71080c1253b75b79b69b"},
    {file = "zope.interface-5.5.0-cp36-cp36m-win_amd64.whl", hash = "sha256:85dd6dd9aaae7a176948d8bb62e20e2968588fd787c29c5d0d964ab475168d3d"},
    {file = "zope.interface-5.5.0-cp37-cp37m-macosx_10_15_x86_64.whl", hash = "sha256:970661ece2029915b8f7f70892e88404340fbdefd64728380cad41c8dce14ff4"},
    {file = "zope.interface-5.5.0-cp37-cp37m-manylinux_2_17_aarch64.manylinux2014_aarch64.whl", hash = "sha256:1e3495bb0cdcea212154e558082c256f11b18031f05193ae2fb85d048848db14"},
    {file = "zope.interface-5.5.0-cp37-cp37m-manylinux_2_5_i686.manylinux1_i686.manylinux_2_12_i686.manylinux2010_i686.whl", hash = "sha256:3f68404edb1a4fb6aa8a94675521ca26c83ebbdbb90e894f749ae0dc4ca98418"},
    {file = "zope.interface-5.5.0-cp37-cp37m-manylinux_2_5_x86_64.manylinux1_x86_64.manylinux_2_12_x86_64.manylinux2010_x86_64.whl", hash = "sha256:740f3c1b44380658777669bcc42f650f5348e53797f2cee0d93dc9b0f9d7cc69"},
    {file = "zope.interface-5.5.0-cp37-cp37m-win32.whl", hash = "sha256:006f8dd81fae28027fc28ada214855166712bf4f0bfbc5a8788f9b70982b9437"},
    {file = "zope.interface-5.5.0-cp37-cp37m-win_amd64.whl", hash = "sha256:43490ad65d4c64e45a30e51a2beb7a6b63e1ff395302ad22392224eb618476d6"},
    {file = "zope.interface-5.5.0-cp38-cp38-macosx_10_15_x86_64.whl", hash = "sha256:f70726b60009433111fe9928f5d89cbb18962411d33c45fb19eb81b9bbd26fcd"},
    {file = "zope.interface-5.5.0-cp38-cp38-manylinux_2_17_aarch64.manylinux2014_aarch64.whl", hash = "sha256:cfa614d049667bed1c737435c609c0956c5dc0dbafdc1145ee7935e4658582cb"},
    {file = "zope.interface-5.5.0-cp38-cp38-manylinux_2_5_i686.manylinux1_i686.manylinux_2_12_i686.manylinux2010_i686.whl", hash = "sha256:58a975f89e4584d0223ab813c5ba4787064c68feef4b30d600f5e01de90ae9ce"},
    {file = "zope.interface-5.5.0-cp38-cp38-manylinux_2_5_x86_64.manylinux1_x86_64.manylinux_2_12_x86_64.manylinux2010_x86_64.whl", hash = "sha256:37ec9ade9902f412cc7e7a32d71f79dec3035bad9bd0170226252eed88763c48"},
    {file = "zope.interface-5.5.0-cp38-cp38-win32.whl", hash = "sha256:be11fce0e6af6c0e8d93c10ef17b25aa7c4acb7ec644bff2596c0d639c49e20f"},
    {file = "zope.interface-5.5.0-cp38-cp38-win_amd64.whl", hash = "sha256:cbbf83914b9a883ab324f728de869f4e406e0cbcd92df7e0a88decf6f9ab7d5a"},
    {file = "zope.interface-5.5.0-cp39-cp39-macosx_10_15_x86_64.whl", hash = "sha256:26c1456520fdcafecc5765bec4783eeafd2e893eabc636908f50ee31fe5c738c"},
    {file = "zope.interface-5.5.0-cp39-cp39-manylinux_2_17_aarch64.manylinux2014_aarch64.whl", hash = "sha256:47ff078734a1030c48103422a99e71a7662d20258c00306546441adf689416f7"},
    {file = "zope.interface-5.5.0-cp39-cp39-manylinux_2_5_i686.manylinux1_i686.manylinux_2_12_i686.manylinux2010_i686.whl", hash = "sha256:687cab7f9ae18d2c146f315d0ca81e5ffe89a139b88277afa70d52f632515854"},
    {file = "zope.interface-5.5.0-cp39-cp39-manylinux_2_5_x86_64.manylinux1_x86_64.manylinux_2_12_x86_64.manylinux2010_x86_64.whl", hash = "sha256:d80f6236b57a95eb19d5e47eb68d0296119e1eff6deaa2971ab8abe3af918420"},
    {file = "zope.interface-5.5.0-cp39-cp39-win32.whl", hash = "sha256:9cdc4e898d3b1547d018829fd4a9f403e52e51bba24be0fbfa37f3174e1ef797"},
    {file = "zope.interface-5.5.0-cp39-cp39-win_amd64.whl", hash = "sha256:6566b3d2657e7609cd8751bcb1eab1202b1692a7af223035a5887d64bb3a2f3b"},
    {file = "zope.interface-5.5.0.tar.gz", hash = "sha256:700ebf9662cf8df70e2f0cb4988e078c53f65ee3eefd5c9d80cf988c4175c8e3"},
]
